
Microsoft Visual Studio Solution File, Format Version 12.00
Project("{FAE04EC0-301F-11D3-BF4B-00C04F79EFBC}") = "ExcelToVeinJson", "ExcelToVeinJson\ExcelToVeinJson.csproj", "{BDB79879-914B-4BAD-88B2-BFAE0F578E48}"
EndProject
Global
	GlobalSection(SolutionConfigurationPlatforms) = preSolution
		Debug|Any CPU = Debug|Any CPU
		Release|Any CPU = Release|Any CPU
	EndGlobalSection
	GlobalSection(ProjectConfigurationPlatforms) = postSolution
		{BDB79879-914B-4BAD-88B2-BFAE0F578E48}.Debug|Any CPU.ActiveCfg = Debug|Any CPU
		{BDB79879-914B-4BAD-88B2-BFAE0F578E48}.Debug|Any CPU.Build.0 = Debug|Any CPU
		{BDB79879-914B-4BAD-88B2-BFAE0F578E48}.Release|Any CPU.ActiveCfg = Release|Any CPU
		{BDB79879-914B-4BAD-88B2-BFAE0F578E48}.Release|Any CPU.Build.0 = Release|Any CPU
	EndGlobalSection
EndGlobal
